
Microsoft Visual Studio Solution File, Format Version 12.00
# Visual Studio 15
VisualStudioVersion = 15.0.28307.960
MinimumVisualStudioVersion = 10.0.40219.1
Project("{FAE04EC0-301F-11D3-BF4B-00C04F79EFBC}") = "ITS521.CS.Gorillas", "ITS521.CS.Gorillas\ITS521.CS.Gorillas.csproj", "{83F9E2E7-7460-4F45-A00B-87BA71C039E7}"
EndProject
Global
	GlobalSection(SolutionConfigurationPlatforms) = preSolution
		Debug|Any CPU = Debug|Any CPU
		Release|Any CPU = Release|Any CPU
	EndGlobalSection
	GlobalSection(ProjectConfigurationPlatforms) = postSolution
		{83F9E2E7-7460-4F45-A00B-87BA71C039E7}.Debug|Any CPU.ActiveCfg = Debug|Any CPU
		{83F9E2E7-7460-4F45-A00B-87BA71C039E7}.Debug|Any CPU.Build.0 = Debug|Any CPU
		{83F9E2E7-7460-4F45-A00B-87BA71C039E7}.Release|Any CPU.ActiveCfg = Release|Any CPU
		{83F9E2E7-7460-4F45-A00B-87BA71C039E7}.Release|Any CPU.Build.0 = Release|Any CPU
	EndGlobalSection
	GlobalSection(SolutionProperties) = preSolution
		HideSolutionNode = FALSE
	EndGlobalSection
	GlobalSection(ExtensibilityGlobals) = postSolution
		SolutionGuid = {BCD3054D-BFDC-4638-BA99-1B5E6B31D244}
	EndGlobalSection
EndGlobal
